
Microsoft Visual Studio Solution File, Format Version 12.00
# Visual Studio Version 16
VisualStudioVersion = 16.0.31025.194
MinimumVisualStudioVersion = 10.0.40219.1
Project("{8BC9CEB8-8B4A-11D0-8D11-00A0C91BC942}") = "6", "6\6.vcxproj", "{6B8CD99F-F42B-4946-8788-5F96D8E59AED}"
EndProject
Global
	GlobalSection(SolutionConfigurationPlatforms) = preSolution
		Debug|x64 = Debug|x64
		Debug|x86 = Debug|x86
		Release|x64 = Release|x64
		Release|x86 = Release|x86
	EndGlobalSection
	GlobalSection(ProjectConfigurationPlatforms) = postSolution
		{6B8CD99F-F42B-4946-8788-5F96D8E59AED}.Debug|x64.ActiveCfg = Debug|x64
		{6B8CD99F-F42B-4946-8788-5F96D8E59AED}.Debug|x64.Build.0 = Debug|x64
		{6B8CD99F-F42B-4946-8788-5F96D8E59AED}.Debug|x86.ActiveCfg = Debug|Win32
		{6B8CD99F-F42B-4946-8788-5F96D8E59AED}.Debug|x86.Build.0 = Debug|Win32
		{6B8CD99F-F42B-4946-8788-5F96D8E59AED}.Release|x64.ActiveCfg = Release|x64
		{6B8CD99F-F42B-4946-8788-5F96D8E59AED}.Release|x64.Build.0 = Release|x64
		{6B8CD99F-F42B-4946-8788-5F96D8E59AED}.Release|x86.ActiveCfg = Release|Win32
		{6B8CD99F-F42B-4946-8788-5F96D8E59AED}.Release|x86.Build.0 = Release|Win32
	EndGlobalSection
	GlobalSection(SolutionProperties) = preSolution
		HideSolutionNode = FALSE
	EndGlobalSection
	GlobalSection(ExtensibilityGlobals) = postSolution
		SolutionGuid = {F08F9D33-A144-4BAE-964D-010727D1FE39}
	EndGlobalSection
EndGlobal
